
Microsoft Visual Studio Solution File, Format Version 11.00
# Visual Studio 2010
Project("{FAE04EC0-301F-11D3-BF4B-00C04F79EFBC}") = "FeedbackWeb", "FeedbackWeb\FeedbackWeb.csproj", "{7377156C-1948-41FE-B3E5-D570E8FF973F}"
EndProject
Project("{2150E333-8FDC-42A3-9474-1A3956D46DE8}") = "Solution Items", "Solution Items", "{F6AF66E0-E14F-4DF3-954B-173319FBB003}"
	ProjectSection(SolutionItems) = preProject
		XSS.txt = XSS.txt
	EndProjectSection
EndProject
Global
	GlobalSection(SolutionConfigurationPlatforms) = preSolution
		Debug|Any CPU = Debug|Any CPU
		Release|Any CPU = Release|Any CPU
	EndGlobalSection
	GlobalSection(ProjectConfigurationPlatforms) = postSolution
		{7377156C-1948-41FE-B3E5-D570E8FF973F}.Debug|Any CPU.ActiveCfg = Debug|Any CPU
		{7377156C-1948-41FE-B3E5-D570E8FF973F}.Debug|Any CPU.Build.0 = Debug|Any CPU
		{7377156C-1948-41FE-B3E5-D570E8FF973F}.Release|Any CPU.ActiveCfg = Release|Any CPU
		{7377156C-1948-41FE-B3E5-D570E8FF973F}.Release|Any CPU.Build.0 = Release|Any CPU
	EndGlobalSection
	GlobalSection(SolutionProperties) = preSolution
		HideSolutionNode = FALSE
	EndGlobalSection
EndGlobal
